
Microsoft Visual Studio Solution File, Format Version 12.00
# Visual Studio Version 17
VisualStudioVersion = 17.1.32421.90
MinimumVisualStudioVersion = 10.0.40219.1
Project("{FAE04EC0-301F-11D3-BF4B-00C04F79EFBC}") = "BulkyBookWeb", "BulkyBookWeb\BulkyBookWeb.csproj", "{38DBA361-4198-40BF-97CA-7F8FDC7DC693}"
EndProject
Global
	GlobalSection(SolutionConfigurationPlatforms) = preSolution
		Debug|Any CPU = Debug|Any CPU
		Release|Any CPU = Release|Any CPU
	EndGlobalSection
	GlobalSection(ProjectConfigurationPlatforms) = postSolution
		{38DBA361-4198-40BF-97CA-7F8FDC7DC693}.Debug|Any CPU.ActiveCfg = Debug|Any CPU
		{38DBA361-4198-40BF-97CA-7F8FDC7DC693}.Debug|Any CPU.Build.0 = Debug|Any CPU
		{38DBA361-4198-40BF-97CA-7F8FDC7DC693}.Release|Any CPU.ActiveCfg = Release|Any CPU
		{38DBA361-4198-40BF-97CA-7F8FDC7DC693}.Release|Any CPU.Build.0 = Release|Any CPU
	EndGlobalSection
	GlobalSection(SolutionProperties) = preSolution
		HideSolutionNode = FALSE
	EndGlobalSection
	GlobalSection(ExtensibilityGlobals) = postSolution
		SolutionGuid = {A49070C1-FC61-4F05-9E3C-E608B49C950C}
	EndGlobalSection
EndGlobal
